
Microsoft Visual Studio Solution File, Format Version 12.00
# Visual Studio Version 17
VisualStudioVersion = 17.5.33530.505
MinimumVisualStudioVersion = 10.0.40219.1
Project("{9A19103F-16F7-4668-BE54-9A1E7A4F7556}") = "HouseRentalAPI", "HouseRentalAPI.csproj", "{0C5D8054-343A-4897-82E1-4F6E2EF1B717}"
EndProject
Project("{FAE04EC0-301F-11D3-BF4B-00C04F79EFBC}") = "HouseRentalAPI.Tests", "..\HouseRentalAPI.Tests\HouseRentalAPI.Tests.csproj", "{04BB3F5F-D54B-4DC3-9DEC-A8ECFCC8529B}"
EndProject
Global
	GlobalSection(SolutionConfigurationPlatforms) = preSolution
		Debug|Any CPU = Debug|Any CPU
		Release|Any CPU = Release|Any CPU
	EndGlobalSection
	GlobalSection(ProjectConfigurationPlatforms) = postSolution
		{0C5D8054-343A-4897-82E1-4F6E2EF1B717}.Debug|Any CPU.ActiveCfg = Debug|Any CPU
		{0C5D8054-343A-4897-82E1-4F6E2EF1B717}.Debug|Any CPU.Build.0 = Debug|Any CPU
		{0C5D8054-343A-4897-82E1-4F6E2EF1B717}.Release|Any CPU.ActiveCfg = Release|Any CPU
		{0C5D8054-343A-4897-82E1-4F6E2EF1B717}.Release|Any CPU.Build.0 = Release|Any CPU
		{04BB3F5F-D54B-4DC3-9DEC-A8ECFCC8529B}.Debug|Any CPU.ActiveCfg = Debug|Any CPU
		{04BB3F5F-D54B-4DC3-9DEC-A8ECFCC8529B}.Debug|Any CPU.Build.0 = Debug|Any CPU
		{04BB3F5F-D54B-4DC3-9DEC-A8ECFCC8529B}.Release|Any CPU.ActiveCfg = Release|Any CPU
		{04BB3F5F-D54B-4DC3-9DEC-A8ECFCC8529B}.Release|Any CPU.Build.0 = Release|Any CPU
	EndGlobalSection
	GlobalSection(SolutionProperties) = preSolution
		HideSolutionNode = FALSE
	EndGlobalSection
	GlobalSection(ExtensibilityGlobals) = postSolution
		SolutionGuid = {AE0F03FA-15F3-4F70-BD8C-1B68DBFEABD8}
	EndGlobalSection
EndGlobal
